
Microsoft Visual Studio Solution File, Format Version 12.00
# Visual Studio Version 16
VisualStudioVersion = 16.0.30907.101
MinimumVisualStudioVersion = 10.0.40219.1
Project("{FAE04EC0-301F-11D3-BF4B-00C04F79EFBC}") = "Dictionary", "Dictionary\Dictionary.csproj", "{CF68C62B-5271-4493-8FD9-9793EF5059A2}"
EndProject
Global
	GlobalSection(SolutionConfigurationPlatforms) = preSolution
		Debug|Any CPU = Debug|Any CPU
		Release|Any CPU = Release|Any CPU
	EndGlobalSection
	GlobalSection(ProjectConfigurationPlatforms) = postSolution
		{CF68C62B-5271-4493-8FD9-9793EF5059A2}.Debug|Any CPU.ActiveCfg = Debug|Any CPU
		{CF68C62B-5271-4493-8FD9-9793EF5059A2}.Debug|Any CPU.Build.0 = Debug|Any CPU
		{CF68C62B-5271-4493-8FD9-9793EF5059A2}.Release|Any CPU.ActiveCfg = Release|Any CPU
		{CF68C62B-5271-4493-8FD9-9793EF5059A2}.Release|Any CPU.Build.0 = Release|Any CPU
	EndGlobalSection
	GlobalSection(SolutionProperties) = preSolution
		HideSolutionNode = FALSE
	EndGlobalSection
	GlobalSection(ExtensibilityGlobals) = postSolution
		SolutionGuid = {838A4160-1073-4696-8D2B-607031D898C1}
	EndGlobalSection
EndGlobal
